
Microsoft Visual Studio Solution File, Format Version 12.00
# Visual Studio Version 17
VisualStudioVersion = 17.8.34511.84
MinimumVisualStudioVersion = 10.0.40219.1
Project("{FAE04EC0-301F-11D3-BF4B-00C04F79EFBC}") = "cine-compra_v1.Server", "cine-compra_v1.Server\cine-compra_v1.Server.csproj", "{CBA8FA9C-C4E4-447E-A563-E1E3FACBBB2D}"
EndProject
Project("{54A90642-561A-4BB1-A94E-469ADEE60C69}") = "cine-compra_v1.client", "cine-compra_v1.client\cine-compra_v1.client.esproj", "{2D142945-081F-4C03-900B-BB617E8F8219}"
EndProject
Global
	GlobalSection(SolutionConfigurationPlatforms) = preSolution
		Debug|Any CPU = Debug|Any CPU
		Release|Any CPU = Release|Any CPU
	EndGlobalSection
	GlobalSection(ProjectConfigurationPlatforms) = postSolution
		{CBA8FA9C-C4E4-447E-A563-E1E3FACBBB2D}.Debug|Any CPU.ActiveCfg = Debug|Any CPU
		{CBA8FA9C-C4E4-447E-A563-E1E3FACBBB2D}.Debug|Any CPU.Build.0 = Debug|Any CPU
		{CBA8FA9C-C4E4-447E-A563-E1E3FACBBB2D}.Release|Any CPU.ActiveCfg = Release|Any CPU
		{CBA8FA9C-C4E4-447E-A563-E1E3FACBBB2D}.Release|Any CPU.Build.0 = Release|Any CPU
		{2D142945-081F-4C03-900B-BB617E8F8219}.Debug|Any CPU.ActiveCfg = Debug|Any CPU
		{2D142945-081F-4C03-900B-BB617E8F8219}.Debug|Any CPU.Build.0 = Debug|Any CPU
		{2D142945-081F-4C03-900B-BB617E8F8219}.Debug|Any CPU.Deploy.0 = Debug|Any CPU
		{2D142945-081F-4C03-900B-BB617E8F8219}.Release|Any CPU.ActiveCfg = Release|Any CPU
		{2D142945-081F-4C03-900B-BB617E8F8219}.Release|Any CPU.Build.0 = Release|Any CPU
		{2D142945-081F-4C03-900B-BB617E8F8219}.Release|Any CPU.Deploy.0 = Release|Any CPU
	EndGlobalSection
	GlobalSection(SolutionProperties) = preSolution
		HideSolutionNode = FALSE
	EndGlobalSection
	GlobalSection(ExtensibilityGlobals) = postSolution
		SolutionGuid = {D0D72233-9829-4025-BF76-E81FBA5079D3}
	EndGlobalSection
EndGlobal
